
Microsoft Visual Studio Solution File, Format Version 12.00
# Visual Studio Version 17
VisualStudioVersion = 17.10.35027.167
MinimumVisualStudioVersion = 10.0.40219.1
Project("{FAE04EC0-301F-11D3-BF4B-00C04F79EFBC}") = "EmpanadasApp", "EmpanadasApp\EmpanadasApp.csproj", "{BF90D375-8853-4B5E-8E83-F564348A16DB}"
EndProject
Project("{54435603-DBB4-11D2-8724-00A0C9A8B90C}") = "SetupJoel", "SetupJoel\SetupJoel.vdproj", "{565E8447-BF0F-4F5A-BAA4-EDEA57778E41}"
EndProject
Global
	GlobalSection(SolutionConfigurationPlatforms) = preSolution
		Debug|Any CPU = Debug|Any CPU
		Release|Any CPU = Release|Any CPU
	EndGlobalSection
	GlobalSection(ProjectConfigurationPlatforms) = postSolution
		{BF90D375-8853-4B5E-8E83-F564348A16DB}.Debug|Any CPU.ActiveCfg = Debug|Any CPU
		{BF90D375-8853-4B5E-8E83-F564348A16DB}.Debug|Any CPU.Build.0 = Debug|Any CPU
		{BF90D375-8853-4B5E-8E83-F564348A16DB}.Release|Any CPU.ActiveCfg = Release|Any CPU
		{BF90D375-8853-4B5E-8E83-F564348A16DB}.Release|Any CPU.Build.0 = Release|Any CPU
		{565E8447-BF0F-4F5A-BAA4-EDEA57778E41}.Debug|Any CPU.ActiveCfg = Debug
		{565E8447-BF0F-4F5A-BAA4-EDEA57778E41}.Release|Any CPU.ActiveCfg = Release
	EndGlobalSection
	GlobalSection(SolutionProperties) = preSolution
		HideSolutionNode = FALSE
	EndGlobalSection
	GlobalSection(ExtensibilityGlobals) = postSolution
		SolutionGuid = {C07FC53F-665B-4FD0-9518-D5A200337A0C}
	EndGlobalSection
EndGlobal
